
Microsoft Visual Studio Solution File, Format Version 12.00
# Visual Studio Version 16
VisualStudioVersion = 16.0.810.5
MinimumVisualStudioVersion = 10.0.40219.1
Project("{FAE04EC0-301F-11D3-BF4B-00C04F79EFBC}") = "ApiSampleApp", "ApiSampleApp\ApiSampleApp.csproj", "{3C100799-5587-4DA8-9846-2ED5845A58EE}"
EndProject
Project("{E53339B2-1760-4266-BCC7-CA923CBCF16C}") = "docker-compose", "docker-compose.dcproj", "{6AFB10E6-12FF-4589-B999-F11D4A050A98}"
EndProject
Global
	GlobalSection(SolutionConfigurationPlatforms) = preSolution
		Debug|Any CPU = Debug|Any CPU
		Release|Any CPU = Release|Any CPU
	EndGlobalSection
	GlobalSection(ProjectConfigurationPlatforms) = postSolution
		{3C100799-5587-4DA8-9846-2ED5845A58EE}.Debug|Any CPU.ActiveCfg = Debug|Any CPU
		{3C100799-5587-4DA8-9846-2ED5845A58EE}.Debug|Any CPU.Build.0 = Debug|Any CPU
		{3C100799-5587-4DA8-9846-2ED5845A58EE}.Release|Any CPU.ActiveCfg = Release|Any CPU
		{3C100799-5587-4DA8-9846-2ED5845A58EE}.Release|Any CPU.Build.0 = Release|Any CPU
		{6AFB10E6-12FF-4589-B999-F11D4A050A98}.Debug|Any CPU.ActiveCfg = Debug|Any CPU
		{6AFB10E6-12FF-4589-B999-F11D4A050A98}.Debug|Any CPU.Build.0 = Debug|Any CPU
		{6AFB10E6-12FF-4589-B999-F11D4A050A98}.Release|Any CPU.ActiveCfg = Release|Any CPU
		{6AFB10E6-12FF-4589-B999-F11D4A050A98}.Release|Any CPU.Build.0 = Release|Any CPU
	EndGlobalSection
	GlobalSection(SolutionProperties) = preSolution
		HideSolutionNode = FALSE
	EndGlobalSection
	GlobalSection(ExtensibilityGlobals) = postSolution
		SolutionGuid = {7BE96BAB-E2AB-4C02-AE77-02E34D9343B5}
	EndGlobalSection
EndGlobal
